
Microsoft Visual Studio Solution File, Format Version 12.00
# Visual Studio Version 17
VisualStudioVersion = 17.5.002.0
MinimumVisualStudioVersion = 10.0.40219.1
Project("{2150E333-8FDC-42A3-9474-1A3956D46DE8}") = "docs", "docs", "{06426C57-53C5-40E2-8BEC-3D48ABBAA5FC}"
EndProject
Project("{9A19103F-16F7-4668-BE54-9A1E7A4F7556}") = "Demo", "docs\Demo\Demo.csproj", "{8FAB4EDC-FB7A-47C3-8E11-B2B80D2B9609}"
EndProject
Global
	GlobalSection(SolutionConfigurationPlatforms) = preSolution
		Debug|Any CPU = Debug|Any CPU
		Release|Any CPU = Release|Any CPU
	EndGlobalSection
	GlobalSection(ProjectConfigurationPlatforms) = postSolution
		{8FAB4EDC-FB7A-47C3-8E11-B2B80D2B9609}.Debug|Any CPU.ActiveCfg = Debug|Any CPU
		{8FAB4EDC-FB7A-47C3-8E11-B2B80D2B9609}.Debug|Any CPU.Build.0 = Debug|Any CPU
		{8FAB4EDC-FB7A-47C3-8E11-B2B80D2B9609}.Release|Any CPU.ActiveCfg = Release|Any CPU
		{8FAB4EDC-FB7A-47C3-8E11-B2B80D2B9609}.Release|Any CPU.Build.0 = Release|Any CPU
	EndGlobalSection
	GlobalSection(SolutionProperties) = preSolution
		HideSolutionNode = FALSE
	EndGlobalSection
	GlobalSection(NestedProjects) = preSolution
		{8FAB4EDC-FB7A-47C3-8E11-B2B80D2B9609} = {06426C57-53C5-40E2-8BEC-3D48ABBAA5FC}
	EndGlobalSection
	GlobalSection(ExtensibilityGlobals) = postSolution
		SolutionGuid = {2E88D63D-B63E-4EF0-BB77-248230E81936}
	EndGlobalSection
EndGlobal
